
Microsoft Visual Studio Solution File, Format Version 12.00
# Visual Studio Version 16
VisualStudioVersion = 16.0.29215.179
MinimumVisualStudioVersion = 10.0.40219.1
Project("{FAE04EC0-301F-11D3-BF4B-00C04F79EFBC}") = "Xamarin.Flux.Droid", "Xamarin.Flux\Xamarin.Flux.Droid\Xamarin.Flux.Droid.csproj", "{1A52389B-555A-45DE-9701-4509FD659774}"
EndProject
Project("{FAE04EC0-301F-11D3-BF4B-00C04F79EFBC}") = "Xamarin.Flux.iOS", "Xamarin.Flux\Xamarin.Flux.iOS\Xamarin.Flux.iOS.csproj", "{C6D01779-8816-41A7-9845-AE19518D14DC}"
EndProject
Project("{FAE04EC0-301F-11D3-BF4B-00C04F79EFBC}") = "Xamarin.Flux.Shared", "Xamarin.Flux.Shared\Xamarin.Flux.Shared.csproj", "{1580756B-5CAF-463E-AB80-1F7A2E273901}"
EndProject
Global
	GlobalSection(SolutionConfigurationPlatforms) = preSolution
		Ad-Hoc|Any CPU = Ad-Hoc|Any CPU
		Ad-Hoc|ARM = Ad-Hoc|ARM
		Ad-Hoc|iPhone = Ad-Hoc|iPhone
		Ad-Hoc|iPhoneSimulator = Ad-Hoc|iPhoneSimulator
		Ad-Hoc|x64 = Ad-Hoc|x64
		Ad-Hoc|x86 = Ad-Hoc|x86
		AppStore|Any CPU = AppStore|Any CPU
		AppStore|ARM = AppStore|ARM
		AppStore|iPhone = AppStore|iPhone
		AppStore|iPhoneSimulator = AppStore|iPhoneSimulator
		AppStore|x64 = AppStore|x64
		AppStore|x86 = AppStore|x86
		Debug|Any CPU = Debug|Any CPU
		Debug|ARM = Debug|ARM
		Debug|iPhone = Debug|iPhone
		Debug|iPhoneSimulator = Debug|iPhoneSimulator
		Debug|x64 = Debug|x64
		Debug|x86 = Debug|x86
		Release|Any CPU = Release|Any CPU
		Release|ARM = Release|ARM
		Release|iPhone = Release|iPhone
		Release|iPhoneSimulator = Release|iPhoneSimulator
		Release|x64 = Release|x64
		Release|x86 = Release|x86
	EndGlobalSection
	GlobalSection(ProjectConfigurationPlatforms) = postSolution
		{1A52389B-555A-45DE-9701-4509FD659774}.Ad-Hoc|Any CPU.ActiveCfg = Release|Any CPU
		{1A52389B-555A-45DE-9701-4509FD659774}.Ad-Hoc|Any CPU.Build.0 = Release|Any CPU
		{1A52389B-555A-45DE-9701-4509FD659774}.Ad-Hoc|Any CPU.Deploy.0 = Release|Any CPU
		{1A52389B-555A-45DE-9701-4509FD659774}.Ad-Hoc|ARM.ActiveCfg = Release|Any CPU
		{1A52389B-555A-45DE-9701-4509FD659774}.Ad-Hoc|ARM.Build.0 = Release|Any CPU
		{1A52389B-555A-45DE-9701-4509FD659774}.Ad-Hoc|ARM.Deploy.0 = Release|Any CPU
		{1A52389B-555A-45DE-9701-4509FD659774}.Ad-Hoc|iPhone.ActiveCfg = Release|Any CPU
		{1A52389B-555A-45DE-9701-4509FD659774}.Ad-Hoc|iPhone.Build.0 = Release|Any CPU
		{1A52389B-555A-45DE-9701-4509FD659774}.Ad-Hoc|iPhone.Deploy.0 = Release|Any CPU
		{1A52389B-555A-45DE-9701-4509FD659774}.Ad-Hoc|iPhoneSimulator.ActiveCfg = Release|Any CPU
		{1A52389B-555A-45DE-9701-4509FD659774}.Ad-Hoc|iPhoneSimulator.Build.0 = Release|Any CPU
		{1A52389B-555A-45DE-9701-4509FD659774}.Ad-Hoc|iPhoneSimulator.Deploy.0 = Release|Any CPU
		{1A52389B-555A-45DE-9701-4509FD659774}.Ad-Hoc|x64.ActiveCfg = Release|Any CPU
		{1A52389B-555A-45DE-9701-4509FD659774}.Ad-Hoc|x64.Build.0 = Release|Any CPU
		{1A52389B-555A-45DE-9701-4509FD659774}.Ad-Hoc|x64.Deploy.0 = Release|Any CPU
		{1A52389B-555A-45DE-9701-4509FD659774}.Ad-Hoc|x86.ActiveCfg = Release|Any CPU
		{1A52389B-555A-45DE-9701-4509FD659774}.Ad-Hoc|x86.Build.0 = Release|Any CPU
		{1A52389B-555A-45DE-9701-4509FD659774}.Ad-Hoc|x86.Deploy.0 = Release|Any CPU
		{1A52389B-555A-45DE-9701-4509FD659774}.AppStore|Any CPU.ActiveCfg = Release|Any CPU
		{1A52389B-555A-45DE-9701-4509FD659774}.AppStore|Any CPU.Build.0 = Release|Any CPU
		{1A52389B-555A-45DE-9701-4509FD659774}.AppStore|Any CPU.Deploy.0 = Release|Any CPU
		{1A52389B-555A-45DE-9701-4509FD659774}.AppStore|ARM.ActiveCfg = Release|Any CPU
		{1A52389B-555A-45DE-9701-4509FD659774}.AppStore|ARM.Build.0 = Release|Any CPU
		{1A52389B-555A-45DE-9701-4509FD659774}.AppStore|ARM.Deploy.0 = Release|Any CPU
		{1A52389B-555A-45DE-9701-4509FD659774}.AppStore|iPhone.ActiveCfg = Release|Any CPU
		{1A52389B-555A-45DE-9701-4509FD659774}.AppStore|iPhone.Build.0 = Release|Any CPU
		{1A52389B-555A-45DE-9701-4509FD659774}.AppStore|iPhone.Deploy.0 = Release|Any CPU
		{1A52389B-555A-45DE-9701-4509FD659774}.AppStore|iPhoneSimulator.ActiveCfg = Release|Any CPU
		{1A52389B-555A-45DE-9701-4509FD659774}.AppStore|iPhoneSimulator.Build.0 = Release|Any CPU
		{1A52389B-555A-45DE-9701-4509FD659774}.AppStore|iPhoneSimulator.Deploy.0 = Release|Any CPU
		{1A52389B-555A-45DE-9701-4509FD659774}.AppStore|x64.ActiveCfg = Release|Any CPU
		{1A52389B-555A-45DE-9701-4509FD659774}.AppStore|x64.Build.0 = Release|Any CPU
		{1A52389B-555A-45DE-9701-4509FD659774}.AppStore|x64.Deploy.0 = Release|Any CPU
		{1A52389B-555A-45DE-9701-4509FD659774}.AppStore|x86.ActiveCfg = Release|Any CPU
		{1A52389B-555A-45DE-9701-4509FD659774}.AppStore|x86.Build.0 = Release|Any CPU
		{1A52389B-555A-45DE-9701-4509FD659774}.AppStore|x86.Deploy.0 = Release|Any CPU
		{1A52389B-555A-45DE-9701-4509FD659774}.Debug|Any CPU.ActiveCfg = Debug|Any CPU
		{1A52389B-555A-45DE-9701-4509FD659774}.Debug|Any CPU.Build.0 = Debug|Any CPU
		{1A52389B-555A-45DE-9701-4509FD659774}.Debug|Any CPU.Deploy.0 = Debug|Any CPU
		{1A52389B-555A-45DE-9701-4509FD659774}.Debug|ARM.ActiveCfg = Debug|Any CPU
		{1A52389B-555A-45DE-9701-4509FD659774}.Debug|ARM.Build.0 = Debug|Any CPU
		{1A52389B-555A-45DE-9701-4509FD659774}.Debug|ARM.Deploy.0 = Debug|Any CPU
		{1A52389B-555A-45DE-9701-4509FD659774}.Debug|iPhone.ActiveCfg = Debug|Any CPU
		{1A52389B-555A-45DE-9701-4509FD659774}.Debug|iPhone.Build.0 = Debug|Any CPU
		{1A52389B-555A-45DE-9701-4509FD659774}.Debug|iPhone.Deploy.0 = Debug|Any CPU
		{1A52389B-555A-45DE-9701-4509FD659774}.Debug|iPhoneSimulator.ActiveCfg = Debug|Any CPU
		{1A52389B-555A-45DE-9701-4509FD659774}.Debug|iPhoneSimulator.Build.0 = Debug|Any CPU
		{1A52389B-555A-45DE-9701-4509FD659774}.Debug|iPhoneSimulator.Deploy.0 = Debug|Any CPU
		{1A52389B-555A-45DE-9701-4509FD659774}.Debug|x64.ActiveCfg = Debug|Any CPU
		{1A52389B-555A-45DE-9701-4509FD659774}.Debug|x64.Build.0 = Debug|Any CPU
		{1A52389B-555A-45DE-9701-4509FD659774}.Debug|x64.Deploy.0 = Debug|Any CPU
		{1A52389B-555A-45DE-9701-4509FD659774}.Debug|x86.ActiveCfg = Debug|Any CPU
		{1A52389B-555A-45DE-9701-4509FD659774}.Debug|x86.Build.0 = Debug|Any CPU
		{1A52389B-555A-45DE-9701-4509FD659774}.Debug|x86.Deploy.0 = Debug|Any CPU
		{1A52389B-555A-45DE-9701-4509FD659774}.Release|Any CPU.ActiveCfg = Release|Any CPU
		{1A52389B-555A-45DE-9701-4509FD659774}.Release|Any CPU.Build.0 = Release|Any CPU
		{1A52389B-555A-45DE-9701-4509FD659774}.Release|Any CPU.Deploy.0 = Release|Any CPU
		{1A52389B-555A-45DE-9701-4509FD659774}.Release|ARM.ActiveCfg = Release|Any CPU
		{1A52389B-555A-45DE-9701-4509FD659774}.Release|ARM.Build.0 = Release|Any CPU
		{1A52389B-555A-45DE-9701-4509FD659774}.Release|ARM.Deploy.0 = Release|Any CPU
		{1A52389B-555A-45DE-9701-4509FD659774}.Release|iPhone.ActiveCfg = Release|Any CPU
		{1A52389B-555A-45DE-9701-4509FD659774}.Release|iPhone.Build.0 = Release|Any CPU
		{1A52389B-555A-45DE-9701-4509FD659774}.Release|iPhone.Deploy.0 = Release|Any CPU
		{1A52389B-555A-45DE-9701-4509FD659774}.Release|iPhoneSimulator.ActiveCfg = Release|Any CPU
		{1A52389B-555A-45DE-9701-4509FD659774}.Release|iPhoneSimulator.Build.0 = Release|Any CPU
		{1A52389B-555A-45DE-9701-4509FD659774}.Release|iPhoneSimulator.Deploy.0 = Release|Any CPU
		{1A52389B-555A-45DE-9701-4509FD659774}.Release|x64.ActiveCfg = Release|Any CPU
		{1A52389B-555A-45DE-9701-4509FD659774}.Release|x64.Build.0 = Release|Any CPU
		{1A52389B-555A-45DE-9701-4509FD659774}.Release|x64.Deploy.0 = Release|Any CPU
		{1A52389B-555A-45DE-9701-4509FD659774}.Release|x86.ActiveCfg = Release|Any CPU
		{1A52389B-555A-45DE-9701-4509FD659774}.Release|x86.Build.0 = Release|Any CPU
		{1A52389B-555A-45DE-9701-4509FD659774}.Release|x86.Deploy.0 = Release|Any CPU
		{C6D01779-8816-41A7-9845-AE19518D14DC}.Ad-Hoc|Any CPU.ActiveCfg = Ad-Hoc|iPhone
		{C6D01779-8816-41A7-9845-AE19518D14DC}.Ad-Hoc|ARM.ActiveCfg = Ad-Hoc|iPhone
		{C6D01779-8816-41A7-9845-AE19518D14DC}.Ad-Hoc|iPhone.ActiveCfg = Ad-Hoc|iPhone
		{C6D01779-8816-41A7-9845-AE19518D14DC}.Ad-Hoc|iPhone.Build.0 = Ad-Hoc|iPhone
		{C6D01779-8816-41A7-9845-AE19518D14DC}.Ad-Hoc|iPhoneSimulator.ActiveCfg = Ad-Hoc|iPhoneSimulator
		{C6D01779-8816-41A7-9845-AE19518D14DC}.Ad-Hoc|iPhoneSimulator.Build.0 = Ad-Hoc|iPhoneSimulator
		{C6D01779-8816-41A7-9845-AE19518D14DC}.Ad-Hoc|x64.ActiveCfg = Ad-Hoc|iPhone
		{C6D01779-8816-41A7-9845-AE19518D14DC}.Ad-Hoc|x86.ActiveCfg = Ad-Hoc|iPhone
		{C6D01779-8816-41A7-9845-AE19518D14DC}.AppStore|Any CPU.ActiveCfg = AppStore|iPhone
		{C6D01779-8816-41A7-9845-AE19518D14DC}.AppStore|ARM.ActiveCfg = AppStore|iPhone
		{C6D01779-8816-41A7-9845-AE19518D14DC}.AppStore|iPhone.ActiveCfg = AppStore|iPhone
		{C6D01779-8816-41A7-9845-AE19518D14DC}.AppStore|iPhone.Build.0 = AppStore|iPhone
		{C6D01779-8816-41A7-9845-AE19518D14DC}.AppStore|iPhoneSimulator.ActiveCfg = AppStore|iPhoneSimulator
		{C6D01779-8816-41A7-9845-AE19518D14DC}.AppStore|iPhoneSimulator.Build.0 = AppStore|iPhoneSimulator
		{C6D01779-8816-41A7-9845-AE19518D14DC}.AppStore|x64.ActiveCfg = AppStore|iPhone
		{C6D01779-8816-41A7-9845-AE19518D14DC}.AppStore|x86.ActiveCfg = AppStore|iPhone
		{C6D01779-8816-41A7-9845-AE19518D14DC}.Debug|Any CPU.ActiveCfg = Debug|iPhone
		{C6D01779-8816-41A7-9845-AE19518D14DC}.Debug|ARM.ActiveCfg = Debug|iPhone
		{C6D01779-8816-41A7-9845-AE19518D14DC}.Debug|iPhone.ActiveCfg = Debug|iPhone
		{C6D01779-8816-41A7-9845-AE19518D14DC}.Debug|iPhone.Build.0 = Debug|iPhone
		{C6D01779-8816-41A7-9845-AE19518D14DC}.Debug|iPhoneSimulator.ActiveCfg = Debug|iPhoneSimulator
		{C6D01779-8816-41A7-9845-AE19518D14DC}.Debug|iPhoneSimulator.Build.0 = Debug|iPhoneSimulator
		{C6D01779-8816-41A7-9845-AE19518D14DC}.Debug|x64.ActiveCfg = Debug|iPhone
		{C6D01779-8816-41A7-9845-AE19518D14DC}.Debug|x86.ActiveCfg = Debug|iPhone
		{C6D01779-8816-41A7-9845-AE19518D14DC}.Release|Any CPU.ActiveCfg = Release|iPhone
		{C6D01779-8816-41A7-9845-AE19518D14DC}.Release|ARM.ActiveCfg = Release|iPhone
		{C6D01779-8816-41A7-9845-AE19518D14DC}.Release|iPhone.ActiveCfg = Release|iPhone
		{C6D01779-8816-41A7-9845-AE19518D14DC}.Release|iPhone.Build.0 = Release|iPhone
		{C6D01779-8816-41A7-9845-AE19518D14DC}.Release|iPhoneSimulator.ActiveCfg = Release|iPhoneSimulator
		{C6D01779-8816-41A7-9845-AE19518D14DC}.Release|iPhoneSimulator.Build.0 = Release|iPhoneSimulator
		{C6D01779-8816-41A7-9845-AE19518D14DC}.Release|x64.ActiveCfg = Release|iPhone
		{C6D01779-8816-41A7-9845-AE19518D14DC}.Release|x86.ActiveCfg = Release|iPhone
		{1580756B-5CAF-463E-AB80-1F7A2E273901}.Ad-Hoc|Any CPU.ActiveCfg = Debug|Any CPU
		{1580756B-5CAF-463E-AB80-1F7A2E273901}.Ad-Hoc|Any CPU.Build.0 = Debug|Any CPU
		{1580756B-5CAF-463E-AB80-1F7A2E273901}.Ad-Hoc|ARM.ActiveCfg = Debug|Any CPU
		{1580756B-5CAF-463E-AB80-1F7A2E273901}.Ad-Hoc|ARM.Build.0 = Debug|Any CPU
		{1580756B-5CAF-463E-AB80-1F7A2E273901}.Ad-Hoc|iPhone.ActiveCfg = Debug|Any CPU
		{1580756B-5CAF-463E-AB80-1F7A2E273901}.Ad-Hoc|iPhone.Build.0 = Debug|Any CPU
		{1580756B-5CAF-463E-AB80-1F7A2E273901}.Ad-Hoc|iPhoneSimulator.ActiveCfg = Debug|Any CPU
		{1580756B-5CAF-463E-AB80-1F7A2E273901}.Ad-Hoc|iPhoneSimulator.Build.0 = Debug|Any CPU
		{1580756B-5CAF-463E-AB80-1F7A2E273901}.Ad-Hoc|x64.ActiveCfg = Debug|Any CPU
		{1580756B-5CAF-463E-AB80-1F7A2E273901}.Ad-Hoc|x64.Build.0 = Debug|Any CPU
		{1580756B-5CAF-463E-AB80-1F7A2E273901}.Ad-Hoc|x86.ActiveCfg = Debug|Any CPU
		{1580756B-5CAF-463E-AB80-1F7A2E273901}.Ad-Hoc|x86.Build.0 = Debug|Any CPU
		{1580756B-5CAF-463E-AB80-1F7A2E273901}.AppStore|Any CPU.ActiveCfg = Debug|Any CPU
		{1580756B-5CAF-463E-AB80-1F7A2E273901}.AppStore|Any CPU.Build.0 = Debug|Any CPU
		{1580756B-5CAF-463E-AB80-1F7A2E273901}.AppStore|ARM.ActiveCfg = Debug|Any CPU
		{1580756B-5CAF-463E-AB80-1F7A2E273901}.AppStore|ARM.Build.0 = Debug|Any CPU
		{1580756B-5CAF-463E-AB80-1F7A2E273901}.AppStore|iPhone.ActiveCfg = Debug|Any CPU
		{1580756B-5CAF-463E-AB80-1F7A2E273901}.AppStore|iPhone.Build.0 = Debug|Any CPU
		{1580756B-5CAF-463E-AB80-1F7A2E273901}.AppStore|iPhoneSimulator.ActiveCfg = Debug|Any CPU
		{1580756B-5CAF-463E-AB80-1F7A2E273901}.AppStore|iPhoneSimulator.Build.0 = Debug|Any CPU
		{1580756B-5CAF-463E-AB80-1F7A2E273901}.AppStore|x64.ActiveCfg = Debug|Any CPU
		{1580756B-5CAF-463E-AB80-1F7A2E273901}.AppStore|x64.Build.0 = Debug|Any CPU
		{1580756B-5CAF-463E-AB80-1F7A2E273901}.AppStore|x86.ActiveCfg = Debug|Any CPU
		{1580756B-5CAF-463E-AB80-1F7A2E273901}.AppStore|x86.Build.0 = Debug|Any CPU
		{1580756B-5CAF-463E-AB80-1F7A2E273901}.Debug|Any CPU.ActiveCfg = Debug|Any CPU
		{1580756B-5CAF-463E-AB80-1F7A2E273901}.Debug|Any CPU.Build.0 = Debug|Any CPU
		{1580756B-5CAF-463E-AB80-1F7A2E273901}.Debug|ARM.ActiveCfg = Debug|Any CPU
		{1580756B-5CAF-463E-AB80-1F7A2E273901}.Debug|ARM.Build.0 = Debug|Any CPU
		{1580756B-5CAF-463E-AB80-1F7A2E273901}.Debug|iPhone.ActiveCfg = Debug|Any CPU
		{1580756B-5CAF-463E-AB80-1F7A2E273901}.Debug|iPhone.Build.0 = Debug|Any CPU
		{1580756B-5CAF-463E-AB80-1F7A2E273901}.Debug|iPhoneSimulator.ActiveCfg = Debug|Any CPU
		{1580756B-5CAF-463E-AB80-1F7A2E273901}.Debug|iPhoneSimulator.Build.0 = Debug|Any CPU
		{1580756B-5CAF-463E-AB80-1F7A2E273901}.Debug|x64.ActiveCfg = Debug|Any CPU
		{1580756B-5CAF-463E-AB80-1F7A2E273901}.Debug|x64.Build.0 = Debug|Any CPU
		{1580756B-5CAF-463E-AB80-1F7A2E273901}.Debug|x86.ActiveCfg = Debug|Any CPU
		{1580756B-5CAF-463E-AB80-1F7A2E273901}.Debug|x86.Build.0 = Debug|Any CPU
		{1580756B-5CAF-463E-AB80-1F7A2E273901}.Release|Any CPU.ActiveCfg = Release|Any CPU
		{1580756B-5CAF-463E-AB80-1F7A2E273901}.Release|Any CPU.Build.0 = Release|Any CPU
		{1580756B-5CAF-463E-AB80-1F7A2E273901}.Release|ARM.ActiveCfg = Release|Any CPU
		{1580756B-5CAF-463E-AB80-1F7A2E273901}.Release|ARM.Build.0 = Release|Any CPU
		{1580756B-5CAF-463E-AB80-1F7A2E273901}.Release|iPhone.ActiveCfg = Release|Any CPU
		{1580756B-5CAF-463E-AB80-1F7A2E273901}.Release|iPhone.Build.0 = Release|Any CPU
		{1580756B-5CAF-463E-AB80-1F7A2E273901}.Release|iPhoneSimulator.ActiveCfg = Release|Any CPU
		{1580756B-5CAF-463E-AB80-1F7A2E273901}.Release|iPhoneSimulator.Build.0 = Release|Any CPU
		{1580756B-5CAF-463E-AB80-1F7A2E273901}.Release|x64.ActiveCfg = Release|Any CPU
		{1580756B-5CAF-463E-AB80-1F7A2E273901}.Release|x64.Build.0 = Release|Any CPU
		{1580756B-5CAF-463E-AB80-1F7A2E273901}.Release|x86.ActiveCfg = Release|Any CPU
		{1580756B-5CAF-463E-AB80-1F7A2E273901}.Release|x86.Build.0 = Release|Any CPU
	EndGlobalSection
	GlobalSection(SolutionProperties) = preSolution
		HideSolutionNode = FALSE
	EndGlobalSection
	GlobalSection(ExtensibilityGlobals) = postSolution
		SolutionGuid = {2018A780-4BD0-43C3-A095-98A1E09672C4}
	EndGlobalSection
EndGlobal
